// !$*UTF8*$!
{
	archiveVersion = 1;
	classes = {
	};
	objectVersion = 46;
	objects = {

/* Begin PBXBuildFile section */
		7ED235571B96ED0B0076E92E /* libsqlite3.0.dylib in Frameworks */ = {isa = PBXBuildFile; fileRef = 7ED235551B96ED0B0076E92E /* libsqlite3.0.dylib */; };
		7ED235581B96ED0B0076E92E /* libsqlite3.dylib in Frameworks */ = {isa = PBXBuildFile; fileRef = 7ED235561B96ED0B0076E92E /* libsqlite3.dylib */; };
		7EFB87331B95AD54007641FE /* AppDelegate.swift in Sources */ = {isa = PBXBuildFile; fileRef = 7EFB87321B95AD54007641FE /* AppDelegate.swift */; };
		7EFB87351B95AD54007641FE /* ViewController.swift in Sources */ = {isa = PBXBuildFile; fileRef = 7EFB87341B95AD54007641FE /* ViewController.swift */; };
		7EFB87381B95AD54007641FE /* Main.storyboard in Resources */ = {isa = PBXBuildFile; fileRef = 7EFB87361B95AD54007641FE /* Main.storyboard */; };
		7EFB873A1B95AD54007641FE /* Images.xcassets in Resources */ = {isa = PBXBuildFile; fileRef = 7EFB87391B95AD54007641FE /* Images.xcassets */; };
		7EFB873D1B95AD54007641FE /* LaunchScreen.xib in Resources */ = {isa = PBXBuildFile; fileRef = 7EFB873B1B95AD54007641FE /* LaunchScreen.xib */; };
		7EFB87491B95AD54007641FE /* SaupFMDBTests.swift in Sources */ = {isa = PBXBuildFile; fileRef = 7EFB87481B95AD54007641FE /* SaupFMDBTests.swift */; };
		7EFB87551B95ADD5007641FE /* Person.swift in Sources */ = {isa = PBXBuildFile; fileRef = 7EFB87541B95ADD5007641FE /* Person.swift */; };
		7EFB87661B95B2AD007641FE /* FMDatabase.m in Sources */ = {isa = PBXBuildFile; fileRef = 7EFB875C1B95B2AD007641FE /* FMDatabase.m */; };
		7EFB87671B95B2AD007641FE /* FMDatabaseAdditions.m in Sources */ = {isa = PBXBuildFile; fileRef = 7EFB875E1B95B2AD007641FE /* FMDatabaseAdditions.m */; };
		7EFB87681B95B2AD007641FE /* FMDatabasePool.m in Sources */ = {isa = PBXBuildFile; fileRef = 7EFB87601B95B2AD007641FE /* FMDatabasePool.m */; };
		7EFB87691B95B2AD007641FE /* FMDatabaseQueue.m in Sources */ = {isa = PBXBuildFile; fileRef = 7EFB87621B95B2AD007641FE /* FMDatabaseQueue.m */; };
		7EFB876A1B95B2AD007641FE /* FMResultSet.m in Sources */ = {isa = PBXBuildFile; fileRef = 7EFB87651B95B2AD007641FE /* FMResultSet.m */; };
		7EFB876E1B95B2C8007641FE /* FMDatabaseAdditionsVariadic.swift in Sources */ = {isa = PBXBuildFile; fileRef = 7EFB876C1B95B2C8007641FE /* FMDatabaseAdditionsVariadic.swift */; };
		7EFB876F1B95B2C8007641FE /* FMDatabaseVariadic.swift in Sources */ = {isa = PBXBuildFile; fileRef = 7EFB876D1B95B2C8007641FE /* FMDatabaseVariadic.swift */; };
		7EFB87711B95B2FD007641FE /* PersonManager.swift in Sources */ = {isa = PBXBuildFile; fileRef = 7EFB87701B95B2FD007641FE /* PersonManager.swift */; };
/* End PBXBuildFile section */

/* Begin PBXContainerItemProxy section */
		7EFB87431B95AD54007641FE /* PBXContainerItemProxy */ = {
			isa = PBXContainerItemProxy;
			containerPortal = 7EFB87251B95AD54007641FE /* Project object */;
			proxyType = 1;
			remoteGlobalIDString = 7EFB872C1B95AD54007641FE;
			remoteInfo = SaupFMDB;
		};
/* End PBXContainerItemProxy section */

/* Begin PBXFileReference section */
		7ED235551B96ED0B0076E92E /* libsqlite3.0.dylib */ = {isa = PBXFileReference; lastKnownFileType = "compiled.mach-o.dylib"; name = libsqlite3.0.dylib; path = usr/lib/libsqlite3.0.dylib; sourceTree = SDKROOT; };
		7ED235561B96ED0B0076E92E /* libsqlite3.dylib */ = {isa = PBXFileReference; lastKnownFileType = "compiled.mach-o.dylib"; name = libsqlite3.dylib; path = usr/lib/libsqlite3.dylib; sourceTree = SDKROOT; };
		7EFB872D1B95AD54007641FE /* SaupFMDB.app */ = {isa = PBXFileReference; explicitFileType = wrapper.application; includeInIndex = 0; path = SaupFMDB.app; sourceTree = BUILT_PRODUCTS_DIR; };
		7EFB87311B95AD54007641FE /* Info.plist */ = {isa = PBXFileReference; lastKnownFileType = text.plist.xml; path = Info.plist; sourceTree = "<group>"; };
		7EFB87321B95AD54007641FE /* AppDelegate.swift */ = {isa = PBXFileReference; lastKnownFileType = sourcecode.swift; path = AppDelegate.swift; sourceTree = "<group>"; };
		7EFB87341B95AD54007641FE /* ViewController.swift */ = {isa = PBXFileReference; lastKnownFileType = sourcecode.swift; path = ViewController.swift; sourceTree = "<group>"; };
		7EFB87371B95AD54007641FE /* Base */ = {isa = PBXFileReference; lastKnownFileType = file.storyboard; name = Base; path = Base.lproj/Main.storyboard; sourceTree = "<group>"; };
		7EFB87391B95AD54007641FE /* Images.xcassets */ = {isa = PBXFileReference; lastKnownFileType = folder.assetcatalog; path = Images.xcassets; sourceTree = "<group>"; };
		7EFB873C1B95AD54007641FE /* Base */ = {isa = PBXFileReference; lastKnownFileType = file.xib; name = Base; path = Base.lproj/LaunchScreen.xib; sourceTree = "<group>"; };
		7EFB87421B95AD54007641FE /* SaupFMDBTests.xctest */ = {isa = PBXFileReference; explicitFileType = wrapper.cfbundle; includeInIndex = 0; path = SaupFMDBTests.xctest; sourceTree = BUILT_PRODUCTS_DIR; };
		7EFB87471B95AD54007641FE /* Info.plist */ = {isa = PBXFileReference; lastKnownFileType = text.plist.xml; path = Info.plist; sourceTree = "<group>"; };
		7EFB87481B95AD54007641FE /* SaupFMDBTests.swift */ = {isa = PBXFileReference; lastKnownFileType = sourcecode.swift; path = SaupFMDBTests.swift; sourceTree = "<group>"; };
		7EFB87541B95ADD5007641FE /* Person.swift */ = {isa = PBXFileReference; fileEncoding = 4; lastKnownFileType = sourcecode.swift; path = Person.swift; sourceTree = "<group>"; };
		7EFB87561B95B290007641FE /* SaupFMDB-Bridging-Header.h */ = {isa = PBXFileReference; lastKnownFileType = sourcecode.c.h; path = "SaupFMDB-Bridging-Header.h"; sourceTree = "<group>"; };
		7EFB875B1B95B2AD007641FE /* FMDatabase.h */ = {isa = PBXFileReference; fileEncoding = 4; lastKnownFileType = sourcecode.c.h; path = FMDatabase.h; sourceTree = "<group>"; };
		7EFB875C1B95B2AD007641FE /* FMDatabase.m */ = {isa = PBXFileReference; fileEncoding = 4; lastKnownFileType = sourcecode.c.objc; path = FMDatabase.m; sourceTree = "<group>"; };
		7EFB875D1B95B2AD007641FE /* FMDatabaseAdditions.h */ = {isa = PBXFileReference; fileEncoding = 4; lastKnownFileType = sourcecode.c.h; path = FMDatabaseAdditions.h; sourceTree = "<group>"; };
		7EFB875E1B95B2AD007641FE /* FMDatabaseAdditions.m */ = {isa = PBXFileReference; fileEncoding = 4; lastKnownFileType = sourcecode.c.objc; path = FMDatabaseAdditions.m; sourceTree = "<group>"; };
		7EFB875F1B95B2AD007641FE /* FMDatabasePool.h */ = {isa = PBXFileReference; fileEncoding = 4; lastKnownFileType = sourcecode.c.h; path = FMDatabasePool.h; sourceTree = "<group>"; };
		7EFB87601B95B2AD007641FE /* FMDatabasePool.m */ = {isa = PBXFileReference; fileEncoding = 4; lastKnownFileType = sourcecode.c.objc; path = FMDatabasePool.m; sourceTree = "<group>"; };
		7EFB87611B95B2AD007641FE /* FMDatabaseQueue.h */ = {isa = PBXFileReference; fileEncoding = 4; lastKnownFileType = sourcecode.c.h; path = FMDatabaseQueue.h; sourceTree = "<group>"; };
		7EFB87621B95B2AD007641FE /* FMDatabaseQueue.m */ = {isa = PBXFileReference; fileEncoding = 4; lastKnownFileType = sourcecode.c.objc; path = FMDatabaseQueue.m; sourceTree = "<group>"; };
		7EFB87631B95B2AD007641FE /* FMDB.h */ = {isa = PBXFileReference; fileEncoding = 4; lastKnownFileType = sourcecode.c.h; path = FMDB.h; sourceTree = "<group>"; };
		7EFB87641B95B2AD007641FE /* FMResultSet.h */ = {isa = PBXFileReference; fileEncoding = 4; lastKnownFileType = sourcecode.c.h; path = FMResultSet.h; sourceTree = "<group>"; };
		7EFB87651B95B2AD007641FE /* FMResultSet.m */ = {isa = PBXFileReference; fileEncoding = 4; lastKnownFileType = sourcecode.c.objc; path = FMResultSet.m; sourceTree = "<group>"; };
		7EFB876C1B95B2C8007641FE /* FMDatabaseAdditionsVariadic.swift */ = {isa = PBXFileReference; fileEncoding = 4; lastKnownFileType = sourcecode.swift; path = FMDatabaseAdditionsVariadic.swift; sourceTree = "<group>"; };
		7EFB876D1B95B2C8007641FE /* FMDatabaseVariadic.swift */ = {isa = PBXFileReference; fileEncoding = 4; lastKnownFileType = sourcecode.swift; path = FMDatabaseVariadic.swift; sourceTree = "<group>"; };
		7EFB87701B95B2FD007641FE /* PersonManager.swift */ = {isa = PBXFileReference; fileEncoding = 4; lastKnownFileType = sourcecode.swift; path = PersonManager.swift; sourceTree = "<group>"; };
/* End PBXFileReference section */

/* Begin PBXFrameworksBuildPhase section */
		7EFB872A1B95AD54007641FE /* Frameworks */ = {
			isa = PBXFrameworksBuildPhase;
			buildActionMask = 2147483647;
			files = (
				7ED235571B96ED0B0076E92E /* libsqlite3.0.dylib in Frameworks */,
				7ED235581B96ED0B0076E92E /* libsqlite3.dylib in Frameworks */,
			);
			runOnlyForDeploymentPostprocessing = 0;
		};
		7EFB873F1B95AD54007641FE /* Frameworks */ = {
			isa = PBXFrameworksBuildPhase;
			buildActionMask = 2147483647;
			files = (
			);
			runOnlyForDeploymentPostprocessing = 0;
		};
/* End PBXFrameworksBuildPhase section */

/* Begin PBXGroup section */
		7EFB87241B95AD54007641FE = {
			isa = PBXGroup;
			children = (
				7ED235551B96ED0B0076E92E /* libsqlite3.0.dylib */,
				7ED235561B96ED0B0076E92E /* libsqlite3.dylib */,
				7EFB872F1B95AD54007641FE /* SaupFMDB */,
				7EFB87451B95AD54007641FE /* SaupFMDBTests */,
				7EFB872E1B95AD54007641FE /* Products */,
			);
			sourceTree = "<group>";
		};
		7EFB872E1B95AD54007641FE /* Products */ = {
			isa = PBXGroup;
			children = (
				7EFB872D1B95AD54007641FE /* SaupFMDB.app */,
				7EFB87421B95AD54007641FE /* SaupFMDBTests.xctest */,
			);
			name = Products;
			sourceTree = "<group>";
		};
		7EFB872F1B95AD54007641FE /* SaupFMDB */ = {
			isa = PBXGroup;
			children = (
				7EFB876B1B95B2C8007641FE /* Swift extensions */,
				7EFB875A1B95B2AD007641FE /* fmdb */,
				7EFB87321B95AD54007641FE /* AppDelegate.swift */,
				7EFB87341B95AD54007641FE /* ViewController.swift */,
				7EFB87541B95ADD5007641FE /* Person.swift */,
				7EFB87701B95B2FD007641FE /* PersonManager.swift */,
				7EFB87361B95AD54007641FE /* Main.storyboard */,
				7EFB87391B95AD54007641FE /* Images.xcassets */,
				7EFB873B1B95AD54007641FE /* LaunchScreen.xib */,
				7EFB87301B95AD54007641FE /* Supporting Files */,
				7EFB87561B95B290007641FE /* SaupFMDB-Bridging-Header.h */,
			);
			path = SaupFMDB;
			sourceTree = "<group>";
		};
		7EFB87301B95AD54007641FE /* Supporting Files */ = {
			isa = PBXGroup;
			children = (
				7EFB87311B95AD54007641FE /* Info.plist */,
			);
			name = "Supporting Files";
			sourceTree = "<group>";
		};
		7EFB87451B95AD54007641FE /* SaupFMDBTests */ = {
			isa = PBXGroup;
			children = (
				7EFB87481B95AD54007641FE /* SaupFMDBTests.swift */,
				7EFB87461B95AD54007641FE /* Supporting Files */,
			);
			path = SaupFMDBTests;
			sourceTree = "<group>";
		};
		7EFB87461B95AD54007641FE /* Supporting Files */ = {
			isa = PBXGroup;
			children = (
				7EFB87471B95AD54007641FE /* Info.plist */,
			);
			name = "Supporting Files";
			sourceTree = "<group>";
		};
		7EFB875A1B95B2AD007641FE /* fmdb */ = {
			isa = PBXGroup;
			children = (
				7EFB875B1B95B2AD007641FE /* FMDatabase.h */,
				7EFB875C1B95B2AD007641FE /* FMDatabase.m */,
				7EFB875D1B95B2AD007641FE /* FMDatabaseAdditions.h */,
				7EFB875E1B95B2AD007641FE /* FMDatabaseAdditions.m */,
				7EFB875F1B95B2AD007641FE /* FMDatabasePool.h */,
				7EFB87601B95B2AD007641FE /* FMDatabasePool.m */,
				7EFB87611B95B2AD007641FE /* FMDatabaseQueue.h */,
				7EFB87621B95B2AD007641FE /* FMDatabaseQueue.m */,
				7EFB87631B95B2AD007641FE /* FMDB.h */,
				7EFB87641B95B2AD007641FE /* FMResultSet.h */,
				7EFB87651B95B2AD007641FE /* FMResultSet.m */,
			);
			path = fmdb;
			sourceTree = "<group>";
		};
		7EFB876B1B95B2C8007641FE /* Swift extensions */ = {
			isa = PBXGroup;
			children = (
				7EFB876C1B95B2C8007641FE /* FMDatabaseAdditionsVariadic.swift */,
				7EFB876D1B95B2C8007641FE /* FMDatabaseVariadic.swift */,
			);
			path = "Swift extensions";
			sourceTree = "<group>";
		};
/* End PBXGroup section */

/* Begin PBXNativeTarget section */
		7EFB872C1B95AD54007641FE /* SaupFMDB */ = {
			isa = PBXNativeTarget;
			buildConfigurationList = 7EFB874C1B95AD54007641FE /* Build configuration list for PBXNativeTarget "SaupFMDB" */;
			buildPhases = (
				7EFB87291B95AD54007641FE /* Sources */,
				7EFB872A1B95AD54007641FE /* Frameworks */,
				7EFB872B1B95AD54007641FE /* Resources */,
			);
			buildRules = (
			);
			dependencies = (
			);
			name = SaupFMDB;
			productName = SaupFMDB;
			productReference = 7EFB872D1B95AD54007641FE /* SaupFMDB.app */;
			productType = "com.apple.product-type.application";
		};
		7EFB87411B95AD54007641FE /* SaupFMDBTests */ = {
			isa = PBXNativeTarget;
			buildConfigurationList = 7EFB874F1B95AD54007641FE /* Build configuration list for PBXNativeTarget "SaupFMDBTests" */;
			buildPhases = (
				7EFB873E1B95AD54007641FE /* Sources */,
				7EFB873F1B95AD54007641FE /* Frameworks */,
				7EFB87401B95AD54007641FE /* Resources */,
			);
			buildRules = (
			);
			dependencies = (
				7EFB87441B95AD54007641FE /* PBXTargetDependency */,
			);
			name = SaupFMDBTests;
			productName = SaupFMDBTests;
			productReference = 7EFB87421B95AD54007641FE /* SaupFMDBTests.xctest */;
			productType = "com.apple.product-type.bundle.unit-test";
		};
/* End PBXNativeTarget section */

/* Begin PBXProject section */
		7EFB87251B95AD54007641FE /* Project object */ = {
			isa = PBXProject;
			attributes = {
				LastUpgradeCheck = 0640;
				ORGANIZATIONNAME = pshao;
				TargetAttributes = {
					7EFB872C1B95AD54007641FE = {
						CreatedOnToolsVersion = 6.4;
					};
					7EFB87411B95AD54007641FE = {
						CreatedOnToolsVersion = 6.4;
						TestTargetID = 7EFB872C1B95AD54007641FE;
					};
				};
			};
			buildConfigurationList = 7EFB87281B95AD54007641FE /* Build configuration list for PBXProject "SaupFMDB" */;
			compatibilityVersion = "Xcode 3.2";
			developmentRegion = English;
			hasScannedForEncodings = 0;
			knownRegions = (
				en,
				Base,
			);
			mainGroup = 7EFB87241B95AD54007641FE;
			productRefGroup = 7EFB872E1B95AD54007641FE /* Products */;
			projectDirPath = "";
			projectRoot = "";
			targets = (
				7EFB872C1B95AD54007641FE /* SaupFMDB */,
				7EFB87411B95AD54007641FE /* SaupFMDBTests */,
			);
		};
/* End PBXProject section */

/* Begin PBXResourcesBuildPhase section */
		7EFB872B1B95AD54007641FE /* Resources */ = {
			isa = PBXResourcesBuildPhase;
			buildActionMask = 2147483647;
			files = (
				7EFB87381B95AD54007641FE /* Main.storyboard in Resources */,
				7EFB873D1B95AD54007641FE /* LaunchScreen.xib in Resources */,
				7EFB873A1B95AD54007641FE /* Images.xcassets in Resources */,
			);
			runOnlyForDeploymentPostprocessing = 0;
		};
		7EFB87401B95AD54007641FE /* Resources */ = {
			isa = PBXResourcesBuildPhase;
			buildActionMask = 2147483647;
			files = (
			);
			runOnlyForDeploymentPostprocessing = 0;
		};
/* End PBXResourcesBuildPhase section */

/* Begin PBXSourcesBuildPhase section */
		7EFB87291B95AD54007641FE /* Sources */ = {
			isa = PBXSourcesBuildPhase;
			buildActionMask = 2147483647;
			files = (
				7EFB87551B95ADD5007641FE /* Person.swift in Sources */,
				7EFB87681B95B2AD007641FE /* FMDatabasePool.m in Sources */,
				7EFB87711B95B2FD007641FE /* PersonManager.swift in Sources */,
				7EFB876F1B95B2C8007641FE /* FMDatabaseVariadic.swift in Sources */,
				7EFB87351B95AD54007641FE /* ViewController.swift in Sources */,
				7EFB87691B95B2AD007641FE /* FMDatabaseQueue.m in Sources */,
				7EFB87331B95AD54007641FE /* AppDelegate.swift in Sources */,
				7EFB87661B95B2AD007641FE /* FMDatabase.m in Sources */,
				7EFB876A1B95B2AD007641FE /* FMResultSet.m in Sources */,
				7EFB87671B95B2AD007641FE /* FMDatabaseAdditions.m in Sources */,
				7EFB876E1B95B2C8007641FE /* FMDatabaseAdditionsVariadic.swift in Sources */,
			);
			runOnlyForDeploymentPostprocessing = 0;
		};
		7EFB873E1B95AD54007641FE /* Sources */ = {
			isa = PBXSourcesBuildPhase;
			buildActionMask = 2147483647;
			files = (
				7EFB87491B95AD54007641FE /* SaupFMDBTests.swift in Sources */,
			);
			runOnlyForDeploymentPostprocessing = 0;
		};
/* End PBXSourcesBuildPhase section */

/* Begin PBXTargetDependency section */
		7EFB87441B95AD54007641FE /* PBXTargetDependency */ = {
			isa = PBXTargetDependency;
			target = 7EFB872C1B95AD54007641FE /* SaupFMDB */;
			targetProxy = 7EFB87431B95AD54007641FE /* PBXContainerItemProxy */;
		};
/* End PBXTargetDependency section */

/* Begin PBXVariantGroup section */
		7EFB87361B95AD54007641FE /* Main.storyboard */ = {
			isa = PBXVariantGroup;
			children = (
				7EFB87371B95AD54007641FE /* Base */,
			);
			name = Main.storyboard;
			sourceTree = "<group>";
		};
		7EFB873B1B95AD54007641FE /* LaunchScreen.xib */ = {
			isa = PBXVariantGroup;
			children = (
				7EFB873C1B95AD54007641FE /* Base */,
			);
			name = LaunchScreen.xib;
			sourceTree = "<group>";
		};
/* End PBXVariantGroup section */

/* Begin XCBuildConfiguration section */
		7EFB874A1B95AD54007641FE /* Debug */ = {
			isa = XCBuildConfiguration;
			buildSettings = {
				ALWAYS_SEARCH_USER_PATHS = NO;
				CLANG_CXX_LANGUAGE_STANDARD = "gnu++0x";
				CLANG_CXX_LIBRARY = "libc++";
				CLANG_ENABLE_MODULES = YES;
				CLANG_ENABLE_OBJC_ARC = YES;
				CLANG_WARN_BOOL_CONVERSION = YES;
				CLANG_WARN_CONSTANT_CONVERSION = YES;
				CLANG_WARN_DIRECT_OBJC_ISA_USAGE = YES_ERROR;
				CLANG_WARN_EMPTY_BODY = YES;
				CLANG_WARN_ENUM_CONVERSION = YES;
				CLANG_WARN_INT_CONVERSION = YES;
				CLANG_WARN_OBJC_ROOT_CLASS = YES_ERROR;
				CLANG_WARN_UNREACHABLE_CODE = YES;
				CLANG_WARN__DUPLICATE_METHOD_MATCH = YES;
				"CODE_SIGN_IDENTITY[sdk=iphoneos*]" = "iPhone Developer";
				COPY_PHASE_STRIP = NO;
				DEBUG_INFORMATION_FORMAT = "dwarf-with-dsym";
				ENABLE_STRICT_OBJC_MSGSEND = YES;
				GCC_C_LANGUAGE_STANDARD = gnu99;
				GCC_DYNAMIC_NO_PIC = NO;
				GCC_NO_COMMON_BLOCKS = YES;
				GCC_OPTIMIZATION_LEVEL = 0;
				GCC_PREPROCESSOR_DEFINITIONS = (
					"DEBUG=1",
					"$(inherited)",
				);
				GCC_SYMBOLS_PRIVATE_EXTERN = NO;
				GCC_WARN_64_TO_32_BIT_CONVERSION = YES;
				GCC_WARN_ABOUT_RETURN_TYPE = YES_ERROR;
				GCC_WARN_UNDECLARED_SELECTOR = YES;
				GCC_WARN_UNINITIALIZED_AUTOS = YES_AGGRESSIVE;
				GCC_WARN_UNUSED_FUNCTION = YES;
				GCC_WARN_UNUSED_VARIABLE = YES;
				IPHONEOS_DEPLOYMENT_TARGET = 8.4;
				MTL_ENABLE_DEBUG_INFO = YES;
				ONLY_ACTIVE_ARCH = YES;
				SDKROOT = iphoneos;
				SWIFT_OPTIMIZATION_LEVEL = "-Onone";
			};
			name = Debug;
		};
		7EFB874B1B95AD54007641FE /* Release */ = {
			isa = XCBuildConfiguration;
			buildSettings = {
				ALWAYS_SEARCH_USER_PATHS = NO;
				CLANG_CXX_LANGUAGE_STANDARD = "gnu++0x";
				CLANG_CXX_LIBRARY = "libc++";
				CLANG_ENABLE_MODULES = YES;
				CLANG_ENABLE_OBJC_ARC = YES;
				CLANG_WARN_BOOL_CONVERSION = YES;
				CLANG_WARN_CONSTANT_CONVERSION = YES;
				CLANG_WARN_DIRECT_OBJC_ISA_USAGE = YES_ERROR;
				CLANG_WARN_EMPTY_BODY = YES;
				CLANG_WARN_ENUM_CONVERSION = YES;
				CLANG_WARN_INT_CONVERSION = YES;
				CLANG_WARN_OBJC_ROOT_CLASS = YES_ERROR;
				CLANG_WARN_UNREACHABLE_CODE = YES;
				CLANG_WARN__DUPLICATE_METHOD_MATCH = YES;
				"CODE_SIGN_IDENTITY[sdk=iphoneos*]" = "iPhone Developer";
				COPY_PHASE_STRIP = NO;
				DEBUG_INFORMATION_FORMAT = "dwarf-with-dsym";
				ENABLE_NS_ASSERTIONS = NO;
				ENABLE_STRICT_OBJC_MSGSEND = YES;
				GCC_C_LANGUAGE_STANDARD = gnu99;
				GCC_NO_COMMON_BLOCKS = YES;
				GCC_WARN_64_TO_32_BIT_CONVERSION = YES;
				GCC_WARN_ABOUT_RETURN_TYPE = YES_ERROR;
				GCC_WARN_UNDECLARED_SELECTOR = YES;
				GCC_WARN_UNINITIALIZED_AUTOS = YES_AGGRESSIVE;
				GCC_WARN_UNUSED_FUNCTION = YES;
				GCC_WARN_UNUSED_VARIABLE = YES;
				IPHONEOS_DEPLOYMENT_TARGET = 8.4;
				MTL_ENABLE_DEBUG_INFO = NO;
				SDKROOT = iphoneos;
				VALIDATE_PRODUCT = YES;
			};
			name = Release;
		};
		7EFB874D1B95AD54007641FE /* Debug */ = {
			isa = XCBuildConfiguration;
			buildSettings = {
				ASSETCATALOG_COMPILER_APPICON_NAME = AppIcon;
				CLANG_ENABLE_MODULES = YES;
				INFOPLIST_FILE = SaupFMDB/Info.plist;
				LD_RUNPATH_SEARCH_PATHS = "$(inherited) @executable_path/Frameworks";
				PRODUCT_NAME = "$(TARGET_NAME)";
				SWIFT_OBJC_BRIDGING_HEADER = "SaupFMDB/SaupFMDB-Bridging-Header.h";
				SWIFT_OPTIMIZATION_LEVEL = "-Onone";
			};
			name = Debug;
		};
		7EFB874E1B95AD54007641FE /* Release */ = {
			isa = XCBuildConfiguration;
			buildSettings = {
				ASSETCATALOG_COMPILER_APPICON_NAME = AppIcon;
				CLANG_ENABLE_MODULES = YES;
				INFOPLIST_FILE = SaupFMDB/Info.plist;
				LD_RUNPATH_SEARCH_PATHS = "$(inherited) @executable_path/Frameworks";
				PRODUCT_NAME = "$(TARGET_NAME)";
				SWIFT_OBJC_BRIDGING_HEADER = "SaupFMDB/SaupFMDB-Bridging-Header.h";
			};
			name = Release;
		};
		7EFB87501B95AD54007641FE /* Debug */ = {
			isa = XCBuildConfiguration;
			buildSettings = {
				BUNDLE_LOADER = "$(TEST_HOST)";
				FRAMEWORK_SEARCH_PATHS = (
					"$(SDKROOT)/Developer/Library/Frameworks",
					"$(inherited)",
				);
				GCC_PREPROCESSOR_DEFINITIONS = (
					"DEBUG=1",
					"$(inherited)",
				);
				INFOPLIST_FILE = SaupFMDBTests/Info.plist;
				LD_RUNPATH_SEARCH_PATHS = "$(inherited) @executable_path/Frameworks @loader_path/Frameworks";
				PRODUCT_NAME = "$(TARGET_NAME)";
				TEST_HOST = "$(BUILT_PRODUCTS_DIR)/SaupFMDB.app/SaupFMDB";
			};
			name = Debug;
		};
		7EFB87511B95AD54007641FE /* Release */ = {
			isa = XCBuildConfiguration;
			buildSettings = {
				BUNDLE_LOADER = "$(TEST_HOST)";
				FRAMEWORK_SEARCH_PATHS = (
					"$(SDKROOT)/Developer/Library/Frameworks",
					"$(inherited)",
				);
				INFOPLIST_FILE = SaupFMDBTests/Info.plist;
				LD_RUNPATH_SEARCH_PATHS = "$(inherited) @executable_path/Frameworks @loader_path/Frameworks";
				PRODUCT_NAME = "$(TARGET_NAME)";
				TEST_HOST = "$(BUILT_PRODUCTS_DIR)/SaupFMDB.app/SaupFMDB";
			};
			name = Release;
		};
/* End XCBuildConfiguration section */

/* Begin XCConfigurationList section */
		7EFB87281B95AD54007641FE /* Build configuration list for PBXProject "SaupFMDB" */ = {
			isa = XCConfigurationList;
			buildConfigurations = (
				7EFB874A1B95AD54007641FE /* Debug */,
				7EFB874B1B95AD54007641FE /* Release */,
			);
			defaultConfigurationIsVisible = 0;
			defaultConfigurationName = Release;
		};
		7EFB874C1B95AD54007641FE /* Build configuration list for PBXNativeTarget "SaupFMDB" */ = {
			isa = XCConfigurationList;
			buildConfigurations = (
				7EFB874D1B95AD54007641FE /* Debug */,
				7EFB874E1B95AD54007641FE /* Release */,
			);
			defaultConfigurationIsVisible = 0;
			defaultConfigurationName = Release;
		};
		7EFB874F1B95AD54007641FE /* Build configuration list for PBXNativeTarget "SaupFMDBTests" */ = {
			isa = XCConfigurationList;
			buildConfigurations = (
				7EFB87501B95AD54007641FE /* Debug */,
				7EFB87511B95AD54007641FE /* Release */,
			);
			defaultConfigurationIsVisible = 0;
			defaultConfigurationName = Release;
		};
/* End XCConfigurationList section */
	};
	rootObject = 7EFB87251B95AD54007641FE /* Project object */;
}
